
Microsoft Visual Studio Solution File, Format Version 12.00
# Visual Studio 2013
VisualStudioVersion = 12.0.31101.0
MinimumVisualStudioVersion = 10.0.40219.1
Project("{FAE04EC0-301F-11D3-BF4B-00C04F79EFBC}") = "CanadaTrustv1_WP75", "CanadaTrustv1_WP75\CanadaTrustv1_WP75.csproj", "{5A7342A6-B0DA-4E28-A87F-5DD9C2C523E2}"
EndProject
Project("{FAE04EC0-301F-11D3-BF4B-00C04F79EFBC}") = "CanadaTrustv1_WP8", "CanadaTrustv1_WP8\CanadaTrustv1_WP8.csproj", "{EE5D0CC0-42F3-469E-B276-70E93C010D59}"
EndProject
Project("{FAE04EC0-301F-11D3-BF4B-00C04F79EFBC}") = "BankLocator_Common", "BankLocator_Common\BankLocator_Common.csproj", "{26DDF679-4561-47F1-9CDB-8D3B69AA44CA}"
EndProject
Project("{FAE04EC0-301F-11D3-BF4B-00C04F79EFBC}") = "BankLocator_Test", "BankLocator_Test\BankLocator_Test.csproj", "{FCB191CA-5D8E-4B45-AC70-AD64190C6289}"
EndProject
Global
	GlobalSection(SolutionConfigurationPlatforms) = preSolution
		Debug|Any CPU = Debug|Any CPU
		Debug|ARM = Debug|ARM
		Debug|Mixed Platforms = Debug|Mixed Platforms
		Debug|x64 = Debug|x64
		Debug|x86 = Debug|x86
		Release|Any CPU = Release|Any CPU
		Release|ARM = Release|ARM
		Release|Mixed Platforms = Release|Mixed Platforms
		Release|x64 = Release|x64
		Release|x86 = Release|x86
	EndGlobalSection
	GlobalSection(ProjectConfigurationPlatforms) = postSolution
		{5A7342A6-B0DA-4E28-A87F-5DD9C2C523E2}.Debug|Any CPU.ActiveCfg = Debug|Any CPU
		{5A7342A6-B0DA-4E28-A87F-5DD9C2C523E2}.Debug|Any CPU.Build.0 = Debug|Any CPU
		{5A7342A6-B0DA-4E28-A87F-5DD9C2C523E2}.Debug|Any CPU.Deploy.0 = Debug|Any CPU
		{5A7342A6-B0DA-4E28-A87F-5DD9C2C523E2}.Debug|ARM.ActiveCfg = Debug|Any CPU
		{5A7342A6-B0DA-4E28-A87F-5DD9C2C523E2}.Debug|Mixed Platforms.ActiveCfg = Debug|Any CPU
		{5A7342A6-B0DA-4E28-A87F-5DD9C2C523E2}.Debug|x64.ActiveCfg = Debug|Any CPU
		{5A7342A6-B0DA-4E28-A87F-5DD9C2C523E2}.Debug|x86.ActiveCfg = Debug|Any CPU
		{5A7342A6-B0DA-4E28-A87F-5DD9C2C523E2}.Release|Any CPU.ActiveCfg = Release|Any CPU
		{5A7342A6-B0DA-4E28-A87F-5DD9C2C523E2}.Release|Any CPU.Build.0 = Release|Any CPU
		{5A7342A6-B0DA-4E28-A87F-5DD9C2C523E2}.Release|Any CPU.Deploy.0 = Release|Any CPU
		{5A7342A6-B0DA-4E28-A87F-5DD9C2C523E2}.Release|ARM.ActiveCfg = Release|Any CPU
		{5A7342A6-B0DA-4E28-A87F-5DD9C2C523E2}.Release|Mixed Platforms.ActiveCfg = Release|Any CPU
		{5A7342A6-B0DA-4E28-A87F-5DD9C2C523E2}.Release|x64.ActiveCfg = Release|Any CPU
		{5A7342A6-B0DA-4E28-A87F-5DD9C2C523E2}.Release|x86.ActiveCfg = Release|Any CPU
		{EE5D0CC0-42F3-469E-B276-70E93C010D59}.Debug|Any CPU.ActiveCfg = Debug|Any CPU
		{EE5D0CC0-42F3-469E-B276-70E93C010D59}.Debug|Any CPU.Build.0 = Debug|Any CPU
		{EE5D0CC0-42F3-469E-B276-70E93C010D59}.Debug|Any CPU.Deploy.0 = Debug|Any CPU
		{EE5D0CC0-42F3-469E-B276-70E93C010D59}.Debug|ARM.ActiveCfg = Debug|Any CPU
		{EE5D0CC0-42F3-469E-B276-70E93C010D59}.Debug|Mixed Platforms.ActiveCfg = Debug|x86
		{EE5D0CC0-42F3-469E-B276-70E93C010D59}.Debug|Mixed Platforms.Build.0 = Debug|x86
		{EE5D0CC0-42F3-469E-B276-70E93C010D59}.Debug|Mixed Platforms.Deploy.0 = Debug|x86
		{EE5D0CC0-42F3-469E-B276-70E93C010D59}.Debug|x64.ActiveCfg = Debug|Any CPU
		{EE5D0CC0-42F3-469E-B276-70E93C010D59}.Debug|x86.ActiveCfg = Debug|Any CPU
		{EE5D0CC0-42F3-469E-B276-70E93C010D59}.Release|Any CPU.ActiveCfg = Release|Any CPU
		{EE5D0CC0-42F3-469E-B276-70E93C010D59}.Release|Any CPU.Build.0 = Release|Any CPU
		{EE5D0CC0-42F3-469E-B276-70E93C010D59}.Release|Any CPU.Deploy.0 = Release|Any CPU
		{EE5D0CC0-42F3-469E-B276-70E93C010D59}.Release|ARM.ActiveCfg = Release|Any CPU
		{EE5D0CC0-42F3-469E-B276-70E93C010D59}.Release|Mixed Platforms.ActiveCfg = Release|x86
		{EE5D0CC0-42F3-469E-B276-70E93C010D59}.Release|Mixed Platforms.Build.0 = Release|x86
		{EE5D0CC0-42F3-469E-B276-70E93C010D59}.Release|Mixed Platforms.Deploy.0 = Release|x86
		{EE5D0CC0-42F3-469E-B276-70E93C010D59}.Release|x64.ActiveCfg = Release|Any CPU
		{EE5D0CC0-42F3-469E-B276-70E93C010D59}.Release|x86.ActiveCfg = Release|Any CPU
		{26DDF679-4561-47F1-9CDB-8D3B69AA44CA}.Debug|Any CPU.ActiveCfg = Debug|Any CPU
		{26DDF679-4561-47F1-9CDB-8D3B69AA44CA}.Debug|Any CPU.Build.0 = Debug|Any CPU
		{26DDF679-4561-47F1-9CDB-8D3B69AA44CA}.Debug|ARM.ActiveCfg = Debug|Any CPU
		{26DDF679-4561-47F1-9CDB-8D3B69AA44CA}.Debug|Mixed Platforms.ActiveCfg = Debug|Any CPU
		{26DDF679-4561-47F1-9CDB-8D3B69AA44CA}.Debug|Mixed Platforms.Build.0 = Debug|Any CPU
		{26DDF679-4561-47F1-9CDB-8D3B69AA44CA}.Debug|x64.ActiveCfg = Debug|Any CPU
		{26DDF679-4561-47F1-9CDB-8D3B69AA44CA}.Debug|x86.ActiveCfg = Debug|Any CPU
		{26DDF679-4561-47F1-9CDB-8D3B69AA44CA}.Release|Any CPU.ActiveCfg = Release|Any CPU
		{26DDF679-4561-47F1-9CDB-8D3B69AA44CA}.Release|Any CPU.Build.0 = Release|Any CPU
		{26DDF679-4561-47F1-9CDB-8D3B69AA44CA}.Release|ARM.ActiveCfg = Release|Any CPU
		{26DDF679-4561-47F1-9CDB-8D3B69AA44CA}.Release|Mixed Platforms.ActiveCfg = Release|Any CPU
		{26DDF679-4561-47F1-9CDB-8D3B69AA44CA}.Release|Mixed Platforms.Build.0 = Release|Any CPU
		{26DDF679-4561-47F1-9CDB-8D3B69AA44CA}.Release|x64.ActiveCfg = Release|Any CPU
		{26DDF679-4561-47F1-9CDB-8D3B69AA44CA}.Release|x86.ActiveCfg = Release|Any CPU
		{FCB191CA-5D8E-4B45-AC70-AD64190C6289}.Debug|Any CPU.ActiveCfg = Debug|Any CPU
		{FCB191CA-5D8E-4B45-AC70-AD64190C6289}.Debug|Any CPU.Build.0 = Debug|Any CPU
		{FCB191CA-5D8E-4B45-AC70-AD64190C6289}.Debug|Any CPU.Deploy.0 = Debug|Any CPU
		{FCB191CA-5D8E-4B45-AC70-AD64190C6289}.Debug|ARM.ActiveCfg = Debug|ARM
		{FCB191CA-5D8E-4B45-AC70-AD64190C6289}.Debug|ARM.Build.0 = Debug|ARM
		{FCB191CA-5D8E-4B45-AC70-AD64190C6289}.Debug|ARM.Deploy.0 = Debug|ARM
		{FCB191CA-5D8E-4B45-AC70-AD64190C6289}.Debug|Mixed Platforms.ActiveCfg = Debug|x86
		{FCB191CA-5D8E-4B45-AC70-AD64190C6289}.Debug|Mixed Platforms.Build.0 = Debug|x86
		{FCB191CA-5D8E-4B45-AC70-AD64190C6289}.Debug|Mixed Platforms.Deploy.0 = Debug|x86
		{FCB191CA-5D8E-4B45-AC70-AD64190C6289}.Debug|x64.ActiveCfg = Debug|x64
		{FCB191CA-5D8E-4B45-AC70-AD64190C6289}.Debug|x64.Build.0 = Debug|x64
		{FCB191CA-5D8E-4B45-AC70-AD64190C6289}.Debug|x64.Deploy.0 = Debug|x64
		{FCB191CA-5D8E-4B45-AC70-AD64190C6289}.Debug|x86.ActiveCfg = Debug|x86
		{FCB191CA-5D8E-4B45-AC70-AD64190C6289}.Debug|x86.Build.0 = Debug|x86
		{FCB191CA-5D8E-4B45-AC70-AD64190C6289}.Debug|x86.Deploy.0 = Debug|x86
		{FCB191CA-5D8E-4B45-AC70-AD64190C6289}.Release|Any CPU.ActiveCfg = Release|Any CPU
		{FCB191CA-5D8E-4B45-AC70-AD64190C6289}.Release|Any CPU.Build.0 = Release|Any CPU
		{FCB191CA-5D8E-4B45-AC70-AD64190C6289}.Release|Any CPU.Deploy.0 = Release|Any CPU
		{FCB191CA-5D8E-4B45-AC70-AD64190C6289}.Release|ARM.ActiveCfg = Release|ARM
		{FCB191CA-5D8E-4B45-AC70-AD64190C6289}.Release|ARM.Build.0 = Release|ARM
		{FCB191CA-5D8E-4B45-AC70-AD64190C6289}.Release|ARM.Deploy.0 = Release|ARM
		{FCB191CA-5D8E-4B45-AC70-AD64190C6289}.Release|Mixed Platforms.ActiveCfg = Release|x86
		{FCB191CA-5D8E-4B45-AC70-AD64190C6289}.Release|Mixed Platforms.Build.0 = Release|x86
		{FCB191CA-5D8E-4B45-AC70-AD64190C6289}.Release|Mixed Platforms.Deploy.0 = Release|x86
		{FCB191CA-5D8E-4B45-AC70-AD64190C6289}.Release|x64.ActiveCfg = Release|x64
		{FCB191CA-5D8E-4B45-AC70-AD64190C6289}.Release|x64.Build.0 = Release|x64
		{FCB191CA-5D8E-4B45-AC70-AD64190C6289}.Release|x64.Deploy.0 = Release|x64
		{FCB191CA-5D8E-4B45-AC70-AD64190C6289}.Release|x86.ActiveCfg = Release|x86
		{FCB191CA-5D8E-4B45-AC70-AD64190C6289}.Release|x86.Build.0 = Release|x86
		{FCB191CA-5D8E-4B45-AC70-AD64190C6289}.Release|x86.Deploy.0 = Release|x86
	EndGlobalSection
	GlobalSection(SolutionProperties) = preSolution
		HideSolutionNode = FALSE
	EndGlobalSection
EndGlobal
