
Microsoft Visual Studio Solution File, Format Version 12.00
# Visual Studio Express 2013 for Windows
VisualStudioVersion = 12.0.30723.0
MinimumVisualStudioVersion = 10.0.40219.1
Project("{FAE04EC0-301F-11D3-BF4B-00C04F79EFBC}") = "CanadaTrustv1_WP75", "CanadaTrustv1_WP75\CanadaTrustv1_WP75.csproj", "{5A7342A6-B0DA-4E28-A87F-5DD9C2C523E2}"
EndProject
Project("{FAE04EC0-301F-11D3-BF4B-00C04F79EFBC}") = "CanadaTrustv1_WP8", "CanadaTrustv1_WP8\CanadaTrustv1_WP8.csproj", "{EE5D0CC0-42F3-469E-B276-70E93C010D59}"
EndProject
Project("{FAE04EC0-301F-11D3-BF4B-00C04F79EFBC}") = "BankLocator_Common", "BankLocator_Common\BankLocator_Common.csproj", "{F94D3BD6-4A30-46DD-8DC5-95D708E74989}"
EndProject
Project("{FAE04EC0-301F-11D3-BF4B-00C04F79EFBC}") = "BankLocator_Test", "BankLocator_Test\BankLocator_Test.csproj", "{5C897F9D-0347-4025-99C0-22821476DAAF}"
EndProject
Global
	GlobalSection(SolutionConfigurationPlatforms) = preSolution
		Debug|Any CPU = Debug|Any CPU
		Debug|ARM = Debug|ARM
		Debug|Mixed Platforms = Debug|Mixed Platforms
		Debug|x86 = Debug|x86
		Release|Any CPU = Release|Any CPU
		Release|ARM = Release|ARM
		Release|Mixed Platforms = Release|Mixed Platforms
		Release|x86 = Release|x86
	EndGlobalSection
	GlobalSection(ProjectConfigurationPlatforms) = postSolution
		{5A7342A6-B0DA-4E28-A87F-5DD9C2C523E2}.Debug|Any CPU.ActiveCfg = Debug|Any CPU
		{5A7342A6-B0DA-4E28-A87F-5DD9C2C523E2}.Debug|Any CPU.Build.0 = Debug|Any CPU
		{5A7342A6-B0DA-4E28-A87F-5DD9C2C523E2}.Debug|Any CPU.Deploy.0 = Debug|Any CPU
		{5A7342A6-B0DA-4E28-A87F-5DD9C2C523E2}.Debug|ARM.ActiveCfg = Debug|Any CPU
		{5A7342A6-B0DA-4E28-A87F-5DD9C2C523E2}.Debug|Mixed Platforms.ActiveCfg = Debug|Any CPU
		{5A7342A6-B0DA-4E28-A87F-5DD9C2C523E2}.Debug|x86.ActiveCfg = Debug|Any CPU
		{5A7342A6-B0DA-4E28-A87F-5DD9C2C523E2}.Release|Any CPU.ActiveCfg = Release|Any CPU
		{5A7342A6-B0DA-4E28-A87F-5DD9C2C523E2}.Release|Any CPU.Build.0 = Release|Any CPU
		{5A7342A6-B0DA-4E28-A87F-5DD9C2C523E2}.Release|Any CPU.Deploy.0 = Release|Any CPU
		{5A7342A6-B0DA-4E28-A87F-5DD9C2C523E2}.Release|ARM.ActiveCfg = Release|Any CPU
		{5A7342A6-B0DA-4E28-A87F-5DD9C2C523E2}.Release|Mixed Platforms.ActiveCfg = Release|Any CPU
		{5A7342A6-B0DA-4E28-A87F-5DD9C2C523E2}.Release|x86.ActiveCfg = Release|Any CPU
		{EE5D0CC0-42F3-469E-B276-70E93C010D59}.Debug|Any CPU.ActiveCfg = Debug|Any CPU
		{EE5D0CC0-42F3-469E-B276-70E93C010D59}.Debug|Any CPU.Build.0 = Debug|Any CPU
		{EE5D0CC0-42F3-469E-B276-70E93C010D59}.Debug|Any CPU.Deploy.0 = Debug|Any CPU
		{EE5D0CC0-42F3-469E-B276-70E93C010D59}.Debug|ARM.ActiveCfg = Debug|Any CPU
		{EE5D0CC0-42F3-469E-B276-70E93C010D59}.Debug|Mixed Platforms.ActiveCfg = Debug|x86
		{EE5D0CC0-42F3-469E-B276-70E93C010D59}.Debug|Mixed Platforms.Build.0 = Debug|x86
		{EE5D0CC0-42F3-469E-B276-70E93C010D59}.Debug|Mixed Platforms.Deploy.0 = Debug|x86
		{EE5D0CC0-42F3-469E-B276-70E93C010D59}.Debug|x86.ActiveCfg = Debug|Any CPU
		{EE5D0CC0-42F3-469E-B276-70E93C010D59}.Release|Any CPU.ActiveCfg = Release|Any CPU
		{EE5D0CC0-42F3-469E-B276-70E93C010D59}.Release|Any CPU.Build.0 = Release|Any CPU
		{EE5D0CC0-42F3-469E-B276-70E93C010D59}.Release|Any CPU.Deploy.0 = Release|Any CPU
		{EE5D0CC0-42F3-469E-B276-70E93C010D59}.Release|ARM.ActiveCfg = Release|Any CPU
		{EE5D0CC0-42F3-469E-B276-70E93C010D59}.Release|Mixed Platforms.ActiveCfg = Release|x86
		{EE5D0CC0-42F3-469E-B276-70E93C010D59}.Release|Mixed Platforms.Build.0 = Release|x86
		{EE5D0CC0-42F3-469E-B276-70E93C010D59}.Release|Mixed Platforms.Deploy.0 = Release|x86
		{EE5D0CC0-42F3-469E-B276-70E93C010D59}.Release|x86.ActiveCfg = Release|Any CPU
		{F94D3BD6-4A30-46DD-8DC5-95D708E74989}.Debug|Any CPU.ActiveCfg = Debug|Any CPU
		{F94D3BD6-4A30-46DD-8DC5-95D708E74989}.Debug|Any CPU.Build.0 = Debug|Any CPU
		{F94D3BD6-4A30-46DD-8DC5-95D708E74989}.Debug|ARM.ActiveCfg = Debug|ARM
		{F94D3BD6-4A30-46DD-8DC5-95D708E74989}.Debug|ARM.Build.0 = Debug|ARM
		{F94D3BD6-4A30-46DD-8DC5-95D708E74989}.Debug|Mixed Platforms.ActiveCfg = Debug|x86
		{F94D3BD6-4A30-46DD-8DC5-95D708E74989}.Debug|Mixed Platforms.Build.0 = Debug|x86
		{F94D3BD6-4A30-46DD-8DC5-95D708E74989}.Debug|x86.ActiveCfg = Debug|x86
		{F94D3BD6-4A30-46DD-8DC5-95D708E74989}.Debug|x86.Build.0 = Debug|x86
		{F94D3BD6-4A30-46DD-8DC5-95D708E74989}.Release|Any CPU.ActiveCfg = Release|Any CPU
		{F94D3BD6-4A30-46DD-8DC5-95D708E74989}.Release|Any CPU.Build.0 = Release|Any CPU
		{F94D3BD6-4A30-46DD-8DC5-95D708E74989}.Release|ARM.ActiveCfg = Release|ARM
		{F94D3BD6-4A30-46DD-8DC5-95D708E74989}.Release|ARM.Build.0 = Release|ARM
		{F94D3BD6-4A30-46DD-8DC5-95D708E74989}.Release|Mixed Platforms.ActiveCfg = Release|x86
		{F94D3BD6-4A30-46DD-8DC5-95D708E74989}.Release|Mixed Platforms.Build.0 = Release|x86
		{F94D3BD6-4A30-46DD-8DC5-95D708E74989}.Release|x86.ActiveCfg = Release|x86
		{F94D3BD6-4A30-46DD-8DC5-95D708E74989}.Release|x86.Build.0 = Release|x86
		{5C897F9D-0347-4025-99C0-22821476DAAF}.Debug|Any CPU.ActiveCfg = Debug|Any CPU
		{5C897F9D-0347-4025-99C0-22821476DAAF}.Debug|Any CPU.Build.0 = Debug|Any CPU
		{5C897F9D-0347-4025-99C0-22821476DAAF}.Debug|ARM.ActiveCfg = Debug|ARM
		{5C897F9D-0347-4025-99C0-22821476DAAF}.Debug|ARM.Build.0 = Debug|ARM
		{5C897F9D-0347-4025-99C0-22821476DAAF}.Debug|Mixed Platforms.ActiveCfg = Debug|x86
		{5C897F9D-0347-4025-99C0-22821476DAAF}.Debug|Mixed Platforms.Build.0 = Debug|x86
		{5C897F9D-0347-4025-99C0-22821476DAAF}.Debug|x86.ActiveCfg = Debug|x86
		{5C897F9D-0347-4025-99C0-22821476DAAF}.Debug|x86.Build.0 = Debug|x86
		{5C897F9D-0347-4025-99C0-22821476DAAF}.Release|Any CPU.ActiveCfg = Release|Any CPU
		{5C897F9D-0347-4025-99C0-22821476DAAF}.Release|Any CPU.Build.0 = Release|Any CPU
		{5C897F9D-0347-4025-99C0-22821476DAAF}.Release|ARM.ActiveCfg = Release|ARM
		{5C897F9D-0347-4025-99C0-22821476DAAF}.Release|ARM.Build.0 = Release|ARM
		{5C897F9D-0347-4025-99C0-22821476DAAF}.Release|Mixed Platforms.ActiveCfg = Release|x86
		{5C897F9D-0347-4025-99C0-22821476DAAF}.Release|Mixed Platforms.Build.0 = Release|x86
		{5C897F9D-0347-4025-99C0-22821476DAAF}.Release|x86.ActiveCfg = Release|x86
		{5C897F9D-0347-4025-99C0-22821476DAAF}.Release|x86.Build.0 = Release|x86
	EndGlobalSection
	GlobalSection(SolutionProperties) = preSolution
		HideSolutionNode = FALSE
	EndGlobalSection
EndGlobal
